
Microsoft Visual Studio Solution File, Format Version 12.00
# Visual Studio 15
VisualStudioVersion = 15.0.27703.2047
MinimumVisualStudioVersion = 10.0.40219.1
Project("{FAE04EC0-301F-11D3-BF4B-00C04F79EFBC}") = "CSharpPractice", "CSharpPractice\CSharpPractice.csproj", "{A0F1D3CA-F2D4-4D76-81E1-1FA797567C80}"
EndProject
Project("{FAE04EC0-301F-11D3-BF4B-00C04F79EFBC}") = "RockPaperScissors", "RockPaperScissors\RockPaperScissors.csproj", "{E80235E3-02D6-4236-A660-A27977704D1A}"
EndProject
Global
	GlobalSection(SolutionConfigurationPlatforms) = preSolution
		Debug|Any CPU = Debug|Any CPU
		Release|Any CPU = Release|Any CPU
	EndGlobalSection
	GlobalSection(ProjectConfigurationPlatforms) = postSolution
		{A0F1D3CA-F2D4-4D76-81E1-1FA797567C80}.Debug|Any CPU.ActiveCfg = Debug|Any CPU
		{A0F1D3CA-F2D4-4D76-81E1-1FA797567C80}.Debug|Any CPU.Build.0 = Debug|Any CPU
		{A0F1D3CA-F2D4-4D76-81E1-1FA797567C80}.Release|Any CPU.ActiveCfg = Release|Any CPU
		{A0F1D3CA-F2D4-4D76-81E1-1FA797567C80}.Release|Any CPU.Build.0 = Release|Any CPU
		{E80235E3-02D6-4236-A660-A27977704D1A}.Debug|Any CPU.ActiveCfg = Debug|Any CPU
		{E80235E3-02D6-4236-A660-A27977704D1A}.Debug|Any CPU.Build.0 = Debug|Any CPU
		{E80235E3-02D6-4236-A660-A27977704D1A}.Release|Any CPU.ActiveCfg = Release|Any CPU
		{E80235E3-02D6-4236-A660-A27977704D1A}.Release|Any CPU.Build.0 = Release|Any CPU
	EndGlobalSection
	GlobalSection(SolutionProperties) = preSolution
		HideSolutionNode = FALSE
	EndGlobalSection
	GlobalSection(ExtensibilityGlobals) = postSolution
		SolutionGuid = {EB491117-3310-417F-8807-F72A2F02CBEE}
	EndGlobalSection
EndGlobal
